Microsoft Visual Studio Solution File, Format Version 12.00
# Visual Studio Version 17
VisualStudioVersion = 17.0.31903.59
MinimumVisualStudioVersion = 10.0.40219.1
Project("{BC8A1FFA-BEE3-4634-8014-F334798102B3}") = "Nightwalker", "Nightwalker.vcxproj", "{D16A95C1-0F75-4E54-9C26-7C9E42983CC8}"
EndProject
Project("{BC8A1FFA-BEE3-4634-8014-F334798102B3}") = "Nightwalker.Tests", "Nightwalker.Tests.vcxproj", "{8B4D4103-F6C8-46EC-8A7F-9A88A5BEF5A4}"
EndProject
Project("{BC8A1FFA-BEE3-4634-8014-F334798102B3}") = "Nightwalker.Shadowstep.Tests", "Nightwalker.Shadowstep.Tests.vcxproj", "{A9C59D69-A33D-43BC-970A-A81536598812}"
EndProject
Project("{BC8A1FFA-BEE3-4634-8014-F334798102B3}") = "Nightwalker.Presentation.Tests", "Nightwalker.Presentation.Tests.vcxproj", "{6B31F9B4-C503-4C95-9264-7C7F47B79242}"
EndProject
Project("{BC8A1FFA-BEE3-4634-8014-F334798102B3}") = "Nightwalker.Targeting.Tests", "Nightwalker.Targeting.Tests.vcxproj", "{C3C4B17A-50E8-4CA2-BAF3-A2A6E45C1D58}"
EndProject
Project("{BC8A1FFA-BEE3-4634-8014-F334798102B3}") = "Nightwalker.Movement.Tests", "Nightwalker.Movement.Tests.vcxproj", "{2D2F0D7E-7C52-4E5B-B12E-8A2A4F3C55E1}"
EndProject
Project("{BC8A1FFA-BEE3-4634-8014-F334798102B3}") = "Nightwalker.Feeding.Tests", "Nightwalker.Feeding.Tests.vcxproj", "{A5D61E92-3D8C-48C1-9B87-80F620F7E712}"
EndProject
Global
	GlobalSection(SolutionConfigurationPlatforms) = preSolution
		Debug|x64 = Debug|x64
		Release|x64 = Release|x64
	EndGlobalSection
	GlobalSection(ProjectConfigurationPlatforms) = postSolution
		{D16A95C1-0F75-4E54-9C26-7C9E42983CC8}.Debug|x64.ActiveCfg = Debug|x64
		{D16A95C1-0F75-4E54-9C26-7C9E42983CC8}.Debug|x64.Build.0 = Debug|x64
		{D16A95C1-0F75-4E54-9C26-7C9E42983CC8}.Release|x64.ActiveCfg = Release|x64
		{D16A95C1-0F75-4E54-9C26-7C9E42983CC8}.Release|x64.Build.0 = Release|x64
		{8B4D4103-F6C8-46EC-8A7F-9A88A5BEF5A4}.Debug|x64.ActiveCfg = Debug|x64
		{8B4D4103-F6C8-46EC-8A7F-9A88A5BEF5A4}.Debug|x64.Build.0 = Debug|x64
		{8B4D4103-F6C8-46EC-8A7F-9A88A5BEF5A4}.Release|x64.ActiveCfg = Release|x64
		{8B4D4103-F6C8-46EC-8A7F-9A88A5BEF5A4}.Release|x64.Build.0 = Release|x64
		{A9C59D69-A33D-43BC-970A-A81536598812}.Debug|x64.ActiveCfg = Debug|x64
		{A9C59D69-A33D-43BC-970A-A81536598812}.Debug|x64.Build.0 = Debug|x64
		{A9C59D69-A33D-43BC-970A-A81536598812}.Release|x64.ActiveCfg = Release|x64
		{A9C59D69-A33D-43BC-970A-A81536598812}.Release|x64.Build.0 = Release|x64
		{6B31F9B4-C503-4C95-9264-7C7F47B79242}.Debug|x64.ActiveCfg = Debug|x64
		{6B31F9B4-C503-4C95-9264-7C7F47B79242}.Debug|x64.Build.0 = Debug|x64
		{6B31F9B4-C503-4C95-9264-7C7F47B79242}.Release|x64.ActiveCfg = Release|x64
		{6B31F9B4-C503-4C95-9264-7C7F47B79242}.Release|x64.Build.0 = Release|x64
		{C3C4B17A-50E8-4CA2-BAF3-A2A6E45C1D58}.Debug|x64.ActiveCfg = Debug|x64
		{C3C4B17A-50E8-4CA2-BAF3-A2A6E45C1D58}.Debug|x64.Build.0 = Debug|x64
		{C3C4B17A-50E8-4CA2-BAF3-A2A6E45C1D58}.Release|x64.ActiveCfg = Release|x64
		{C3C4B17A-50E8-4CA2-BAF3-A2A6E45C1D58}.Release|x64.Build.0 = Release|x64
		{2D2F0D7E-7C52-4E5B-B12E-8A2A4F3C55E1}.Debug|x64.ActiveCfg = Debug|x64
		{2D2F0D7E-7C52-4E5B-B12E-8A2A4F3C55E1}.Debug|x64.Build.0 = Debug|x64
		{2D2F0D7E-7C52-4E5B-B12E-8A2A4F3C55E1}.Release|x64.ActiveCfg = Release|x64
		{2D2F0D7E-7C52-4E5B-B12E-8A2A4F3C55E1}.Release|x64.Build.0 = Release|x64
		{A5D61E92-3D8C-48C1-9B87-80F620F7E712}.Debug|x64.ActiveCfg = Debug|x64
		{A5D61E92-3D8C-48C1-9B87-80F620F7E712}.Debug|x64.Build.0 = Debug|x64
		{A5D61E92-3D8C-48C1-9B87-80F620F7E712}.Release|x64.ActiveCfg = Release|x64
		{A5D61E92-3D8C-48C1-9B87-80F620F7E712}.Release|x64.Build.0 = Release|x64
	EndGlobalSection
	GlobalSection(SolutionProperties) = preSolution
		HideSolutionNode = FALSE
	EndGlobalSection
EndGlobal
